
Microsoft Visual Studio Solution File, Format Version 12.00
# Visual Studio Version 16
VisualStudioVersion = 16.0.32126.315
MinimumVisualStudioVersion = 10.0.40219.1
Project("{FAE04EC0-301F-11D3-BF4B-00C04F79EFBC}") = "Aula-console-xadrez", "Aula-console-xadrez\Aula-console-xadrez.csproj", "{BAB9E72D-66E7-4242-B0DF-358D2844027E}"
EndProject
Global
	GlobalSection(SolutionConfigurationPlatforms) = preSolution
		Debug|Any CPU = Debug|Any CPU
		Release|Any CPU = Release|Any CPU
	EndGlobalSection
	GlobalSection(ProjectConfigurationPlatforms) = postSolution
		{BAB9E72D-66E7-4242-B0DF-358D2844027E}.Debug|Any CPU.ActiveCfg = Debug|Any CPU
		{BAB9E72D-66E7-4242-B0DF-358D2844027E}.Debug|Any CPU.Build.0 = Debug|Any CPU
		{BAB9E72D-66E7-4242-B0DF-358D2844027E}.Release|Any CPU.ActiveCfg = Release|Any CPU
		{BAB9E72D-66E7-4242-B0DF-358D2844027E}.Release|Any CPU.Build.0 = Release|Any CPU
	EndGlobalSection
	GlobalSection(SolutionProperties) = preSolution
		HideSolutionNode = FALSE
	EndGlobalSection
	GlobalSection(ExtensibilityGlobals) = postSolution
		SolutionGuid = {A9EDFB34-A6DC-4F28-84C3-471470C8EA63}
	EndGlobalSection
EndGlobal
